// !$*UTF8*$!
{
	archiveVersion = 1;
	classes = {
	};
	objectVersion = 55;
	objects = {

/* Begin PBXBuildFile section */
		0117D5DC28C7C31400122D5C /* inzoGameApp.swift in Sources */ = {isa = PBXBuildFile; fileRef = 0117D5DB28C7C31400122D5C /* inzoGameApp.swift */; };
		0117D5DE28C7C31400122D5C /* WelcomeView.swift in Sources */ = {isa = PBXBuildFile; fileRef = 0117D5DD28C7C31400122D5C /* WelcomeView.swift */; };
		0117D5E028C7C31500122D5C /* Assets.xcassets in Resources */ = {isa = PBXBuildFile; fileRef = 0117D5DF28C7C31500122D5C /* Assets.xcassets */; };
		0117D5E328C7C31500122D5C /* Preview Assets.xcassets in Resources */ = {isa = PBXBuildFile; fileRef = 0117D5E228C7C31500122D5C /* Preview Assets.xcassets */; };
		0117D5ED28C7C6FA00122D5C /* LoginView.swift in Sources */ = {isa = PBXBuildFile; fileRef = 0117D5EC28C7C6FA00122D5C /* LoginView.swift */; };
		0117D5EF28C7C7D800122D5C /* RegisterView.swift in Sources */ = {isa = PBXBuildFile; fileRef = 0117D5EE28C7C7D800122D5C /* RegisterView.swift */; };
		0117D5F328C7D5BD00122D5C /* Alamofire in Frameworks */ = {isa = PBXBuildFile; productRef = 0117D5F228C7D5BD00122D5C /* Alamofire */; };
		0117D5F628C7D92000122D5C /* MainView.swift in Sources */ = {isa = PBXBuildFile; fileRef = 0117D5F528C7D92000122D5C /* MainView.swift */; };
		0120936528CA1874006AD346 /* ProfilView.swift in Sources */ = {isa = PBXBuildFile; fileRef = 0120936428CA1874006AD346 /* ProfilView.swift */; };
		0120936728CA188C006AD346 /* SavasView.swift in Sources */ = {isa = PBXBuildFile; fileRef = 0120936628CA188C006AD346 /* SavasView.swift */; };
		0120936928CA18A3006AD346 /* GenelBakisView.swift in Sources */ = {isa = PBXBuildFile; fileRef = 0120936828CA18A3006AD346 /* GenelBakisView.swift */; };
		0120936D28CA1AE2006AD346 /* AyarlarView.swift in Sources */ = {isa = PBXBuildFile; fileRef = 0120936C28CA1AE2006AD346 /* AyarlarView.swift */; };
/* End PBXBuildFile section */

/* Begin PBXFileReference section */
		0117D5D828C7C31400122D5C /* inzoGame.app */ = {isa = PBXFileReference; explicitFileType = wrapper.application; includeInIndex = 0; path = inzoGame.app; sourceTree = BUILT_PRODUCTS_DIR; };
		0117D5DB28C7C31400122D5C /* inzoGameApp.swift */ = {isa = PBXFileReference; lastKnownFileType = sourcecode.swift; path = inzoGameApp.swift; sourceTree = "<group>"; };
		0117D5DD28C7C31400122D5C /* WelcomeView.swift */ = {isa = PBXFileReference; lastKnownFileType = sourcecode.swift; path = WelcomeView.swift; sourceTree = "<group>"; };
		0117D5DF28C7C31500122D5C /* Assets.xcassets */ = {isa = PBXFileReference; lastKnownFileType = folder.assetcatalog; path = Assets.xcassets; sourceTree = "<group>"; };
		0117D5E228C7C31500122D5C /* Preview Assets.xcassets */ = {isa = PBXFileReference; lastKnownFileType = folder.assetcatalog; path = "Preview Assets.xcassets"; sourceTree = "<group>"; };
		0117D5EC28C7C6FA00122D5C /* LoginView.swift */ = {isa = PBXFileReference; lastKnownFileType = sourcecode.swift; path = LoginView.swift; sourceTree = "<group>"; };
		0117D5EE28C7C7D800122D5C /* RegisterView.swift */ = {isa = PBXFileReference; lastKnownFileType = sourcecode.swift; path = RegisterView.swift; sourceTree = "<group>"; };
		0117D5F528C7D92000122D5C /* MainView.swift */ = {isa = PBXFileReference; lastKnownFileType = sourcecode.swift; path = MainView.swift; sourceTree = "<group>"; };
		0117D5F728C7DF2700122D5C /* Info.plist */ = {isa = PBXFileReference; lastKnownFileType = text.plist; path = Info.plist; sourceTree = "<group>"; };
		0120936428CA1874006AD346 /* ProfilView.swift */ = {isa = PBXFileReference; lastKnownFileType = sourcecode.swift; path = ProfilView.swift; sourceTree = "<group>"; };
		0120936628CA188C006AD346 /* SavasView.swift */ = {isa = PBXFileReference; lastKnownFileType = sourcecode.swift; path = SavasView.swift; sourceTree = "<group>"; };
		0120936828CA18A3006AD346 /* GenelBakisView.swift */ = {isa = PBXFileReference; lastKnownFileType = sourcecode.swift; path = GenelBakisView.swift; sourceTree = "<group>"; };
		0120936C28CA1AE2006AD346 /* AyarlarView.swift */ = {isa = PBXFileReference; lastKnownFileType = sourcecode.swift; path = AyarlarView.swift; sourceTree = "<group>"; };
/* End PBXFileReference section */

/* Begin PBXFrameworksBuildPhase section */
		0117D5D528C7C31400122D5C /* Frameworks */ = {
			isa = PBXFrameworksBuildPhase;
			buildActionMask = 2147483647;
			files = (
				0117D5F328C7D5BD00122D5C /* Alamofire in Frameworks */,
			);
			runOnlyForDeploymentPostprocessing = 0;
		};
/* End PBXFrameworksBuildPhase section */

/* Begin PBXGroup section */
		0117D5CF28C7C31400122D5C = {
			isa = PBXGroup;
			children = (
				0117D5DA28C7C31400122D5C /* inzoGame */,
				0117D5D928C7C31400122D5C /* Products */,
			);
			sourceTree = "<group>";
		};
		0117D5D928C7C31400122D5C /* Products */ = {
			isa = PBXGroup;
			children = (
				0117D5D828C7C31400122D5C /* inzoGame.app */,
			);
			name = Products;
			sourceTree = "<group>";
		};
		0117D5DA28C7C31400122D5C /* inzoGame */ = {
			isa = PBXGroup;
			children = (
				0117D5F728C7DF2700122D5C /* Info.plist */,
				0117D5F028C7C7F300122D5C /* View */,
				0117D5DF28C7C31500122D5C /* Assets.xcassets */,
				0117D5DB28C7C31400122D5C /* inzoGameApp.swift */,
				0117D5E128C7C31500122D5C /* Preview Content */,
			);
			path = inzoGame;
			sourceTree = "<group>";
		};
		0117D5E128C7C31500122D5C /* Preview Content */ = {
			isa = PBXGroup;
			children = (
				0117D5E228C7C31500122D5C /* Preview Assets.xcassets */,
			);
			path = "Preview Content";
			sourceTree = "<group>";
		};
		0117D5E928C7C5AC00122D5C /* Welcome */ = {
			isa = PBXGroup;
			children = (
				0117D5DD28C7C31400122D5C /* WelcomeView.swift */,
			);
			path = Welcome;
			sourceTree = "<group>";
		};
		0117D5EA28C7C5B800122D5C /* Login */ = {
			isa = PBXGroup;
			children = (
				0117D5EC28C7C6FA00122D5C /* LoginView.swift */,
			);
			path = Login;
			sourceTree = "<group>";
		};
		0117D5EB28C7C5C100122D5C /* Register */ = {
			isa = PBXGroup;
			children = (
				0117D5EE28C7C7D800122D5C /* RegisterView.swift */,
			);
			path = Register;
			sourceTree = "<group>";
		};
		0117D5F028C7C7F300122D5C /* View */ = {
			isa = PBXGroup;
			children = (
				0117D5F428C7D90B00122D5C /* Main */,
				0117D5E928C7C5AC00122D5C /* Welcome */,
				0117D5EA28C7C5B800122D5C /* Login */,
				0117D5EB28C7C5C100122D5C /* Register */,
			);
			path = View;
			sourceTree = "<group>";
		};
		0117D5F428C7D90B00122D5C /* Main */ = {
			isa = PBXGroup;
			children = (
				0117D5F528C7D92000122D5C /* MainView.swift */,
				0120936A28CA1AC8006AD346 /* Ayarlar */,
				0120936128CA1851006AD346 /* GenelBakis */,
				0120936328CA1863006AD346 /* Profil */,
				0120936228CA185D006AD346 /* Savas */,
			);
			path = Main;
			sourceTree = "<group>";
		};
		0120936128CA1851006AD346 /* GenelBakis */ = {
			isa = PBXGroup;
			children = (
				0120936828CA18A3006AD346 /* GenelBakisView.swift */,
			);
			path = GenelBakis;
			sourceTree = "<group>";
		};
		0120936228CA185D006AD346 /* Savas */ = {
			isa = PBXGroup;
			children = (
				0120936628CA188C006AD346 /* SavasView.swift */,
			);
			path = Savas;
			sourceTree = "<group>";
		};
		0120936328CA1863006AD346 /* Profil */ = {
			isa = PBXGroup;
			children = (
				0120936428CA1874006AD346 /* ProfilView.swift */,
			);
			path = Profil;
			sourceTree = "<group>";
		};
		0120936A28CA1AC8006AD346 /* Ayarlar */ = {
			isa = PBXGroup;
			children = (
				0120936C28CA1AE2006AD346 /* AyarlarView.swift */,
			);
			path = Ayarlar;
			sourceTree = "<group>";
		};
/* End PBXGroup section */

/* Begin PBXNativeTarget section */
		0117D5D728C7C31400122D5C /* inzoGame */ = {
			isa = PBXNativeTarget;
			buildConfigurationList = 0117D5E628C7C31500122D5C /* Build configuration list for PBXNativeTarget "inzoGame" */;
			buildPhases = (
				0117D5D428C7C31400122D5C /* Sources */,
				0117D5D528C7C31400122D5C /* Frameworks */,
				0117D5D628C7C31400122D5C /* Resources */,
			);
			buildRules = (
			);
			dependencies = (
			);
			name = inzoGame;
			packageProductDependencies = (
				0117D5F228C7D5BD00122D5C /* Alamofire */,
			);
			productName = inzoGame;
			productReference = 0117D5D828C7C31400122D5C /* inzoGame.app */;
			productType = "com.apple.product-type.application";
		};
/* End PBXNativeTarget section */

/* Begin PBXProject section */
		0117D5D028C7C31400122D5C /* Project object */ = {
			isa = PBXProject;
			attributes = {
				BuildIndependentTargetsInParallel = 1;
				LastSwiftUpdateCheck = 1330;
				LastUpgradeCheck = 1330;
				TargetAttributes = {
					0117D5D728C7C31400122D5C = {
						CreatedOnToolsVersion = 13.3.1;
					};
				};
			};
			buildConfigurationList = 0117D5D328C7C31400122D5C /* Build configuration list for PBXProject "inzoGame" */;
			compatibilityVersion = "Xcode 13.0";
			developmentRegion = en;
			hasScannedForEncodings = 0;
			knownRegions = (
				en,
				Base,
			);
			mainGroup = 0117D5CF28C7C31400122D5C;
			packageReferences = (
				0117D5F128C7D5BD00122D5C /* XCRemoteSwiftPackageReference "Alamofire" */,
			);
			productRefGroup = 0117D5D928C7C31400122D5C /* Products */;
			projectDirPath = "";
			projectRoot = "";
			targets = (
				0117D5D728C7C31400122D5C /* inzoGame */,
			);
		};
/* End PBXProject section */

/* Begin PBXResourcesBuildPhase section */
		0117D5D628C7C31400122D5C /* Resources */ = {
			isa = PBXResourcesBuildPhase;
			buildActionMask = 2147483647;
			files = (
				0117D5E328C7C31500122D5C /* Preview Assets.xcassets in Resources */,
				0117D5E028C7C31500122D5C /* Assets.xcassets in Resources */,
			);
			runOnlyForDeploymentPostprocessing = 0;
		};
/* End PBXResourcesBuildPhase section */

/* Begin PBXSourcesBuildPhase section */
		0117D5D428C7C31400122D5C /* Sources */ = {
			isa = PBXSourcesBuildPhase;
			buildActionMask = 2147483647;
			files = (
				0117D5ED28C7C6FA00122D5C /* LoginView.swift in Sources */,
				0120936D28CA1AE2006AD346 /* AyarlarView.swift in Sources */,
				0117D5EF28C7C7D800122D5C /* RegisterView.swift in Sources */,
				0120936528CA1874006AD346 /* ProfilView.swift in Sources */,
				0117D5DE28C7C31400122D5C /* WelcomeView.swift in Sources */,
				0120936728CA188C006AD346 /* SavasView.swift in Sources */,
				0117D5F628C7D92000122D5C /* MainView.swift in Sources */,
				0117D5DC28C7C31400122D5C /* inzoGameApp.swift in Sources */,
				0120936928CA18A3006AD346 /* GenelBakisView.swift in Sources */,
			);
			runOnlyForDeploymentPostprocessing = 0;
		};
/* End PBXSourcesBuildPhase section */

/* Begin XCBuildConfiguration section */
		0117D5E428C7C31500122D5C /* Debug */ = {
			isa = XCBuildConfiguration;
			buildSettings = {
				ALWAYS_SEARCH_USER_PATHS = NO;
				CLANG_ANALYZER_NONNULL = YES;
				CLANG_ANALYZER_NUMBER_OBJECT_CONVERSION = YES_AGGRESSIVE;
				CLANG_CXX_LANGUAGE_STANDARD = "gnu++17";
				CLANG_ENABLE_MODULES = YES;
				CLANG_ENABLE_OBJC_ARC = YES;
				CLANG_ENABLE_OBJC_WEAK = YES;
				CLANG_WARN_BLOCK_CAPTURE_AUTORELEASING = YES;
				CLANG_WARN_BOOL_CONVERSION = YES;
				CLANG_WARN_COMMA = YES;
				CLANG_WARN_CONSTANT_CONVERSION = YES;
				CLANG_WARN_DEPRECATED_OBJC_IMPLEMENTATIONS = YES;
				CLANG_WARN_DIRECT_OBJC_ISA_USAGE = YES_ERROR;
				CLANG_WARN_DOCUMENTATION_COMMENTS = YES;
				CLANG_WARN_EMPTY_BODY = YES;
				CLANG_WARN_ENUM_CONVERSION = YES;
				CLANG_WARN_INFINITE_RECURSION = YES;
				CLANG_WARN_INT_CONVERSION = YES;
				CLANG_WARN_NON_LITERAL_NULL_CONVERSION = YES;
				CLANG_WARN_OBJC_IMPLICIT_RETAIN_SELF = YES;
				CLANG_WARN_OBJC_LITERAL_CONVERSION = YES;
				CLANG_WARN_OBJC_ROOT_CLASS = YES_ERROR;
				CLANG_WARN_QUOTED_INCLUDE_IN_FRAMEWORK_HEADER = YES;
				CLANG_WARN_RANGE_LOOP_ANALYSIS = YES;
				CLANG_WARN_STRICT_PROTOTYPES = YES;
				CLANG_WARN_SUSPICIOUS_MOVE = YES;
				CLANG_WARN_UNGUARDED_AVAILABILITY = YES_AGGRESSIVE;
				CLANG_WARN_UNREACHABLE_CODE = YES;
				CLANG_WARN__DUPLICATE_METHOD_MATCH = YES;
				COPY_PHASE_STRIP = NO;
				DEBUG_INFORMATION_FORMAT = dwarf;
				ENABLE_STRICT_OBJC_MSGSEND = YES;
				ENABLE_TESTABILITY = YES;
				GCC_C_LANGUAGE_STANDARD = gnu11;
				GCC_DYNAMIC_NO_PIC = NO;
				GCC_NO_COMMON_BLOCKS = YES;
				GCC_OPTIMIZATION_LEVEL = 0;
				GCC_PREPROCESSOR_DEFINITIONS = (
					"DEBUG=1",
					"$(inherited)",
				);
				GCC_WARN_64_TO_32_BIT_CONVERSION = YES;
				GCC_WARN_ABOUT_RETURN_TYPE = YES_ERROR;
				GCC_WARN_UNDECLARED_SELECTOR = YES;
				GCC_WARN_UNINITIALIZED_AUTOS = YES_AGGRESSIVE;
				GCC_WARN_UNUSED_FUNCTION = YES;
				GCC_WARN_UNUSED_VARIABLE = YES;
				IPHONEOS_DEPLOYMENT_TARGET = 15.4;
				MTL_ENABLE_DEBUG_INFO = INCLUDE_SOURCE;
				MTL_FAST_MATH = YES;
				ONLY_ACTIVE_ARCH = YES;
				SDKROOT = iphoneos;
				SWIFT_ACTIVE_COMPILATION_CONDITIONS = DEBUG;
				SWIFT_OPTIMIZATION_LEVEL = "-Onone";
			};
			name = Debug;
		};
		0117D5E528C7C31500122D5C /* Release */ = {
			isa = XCBuildConfiguration;
			buildSettings = {
				ALWAYS_SEARCH_USER_PATHS = NO;
				CLANG_ANALYZER_NONNULL = YES;
				CLANG_ANALYZER_NUMBER_OBJECT_CONVERSION = YES_AGGRESSIVE;
				CLANG_CXX_LANGUAGE_STANDARD = "gnu++17";
				CLANG_ENABLE_MODULES = YES;
				CLANG_ENABLE_OBJC_ARC = YES;
				CLANG_ENABLE_OBJC_WEAK = YES;
				CLANG_WARN_BLOCK_CAPTURE_AUTORELEASING = YES;
				CLANG_WARN_BOOL_CONVERSION = YES;
				CLANG_WARN_COMMA = YES;
				CLANG_WARN_CONSTANT_CONVERSION = YES;
				CLANG_WARN_DEPRECATED_OBJC_IMPLEMENTATIONS = YES;
				CLANG_WARN_DIRECT_OBJC_ISA_USAGE = YES_ERROR;
				CLANG_WARN_DOCUMENTATION_COMMENTS = YES;
				CLANG_WARN_EMPTY_BODY = YES;
				CLANG_WARN_ENUM_CONVERSION = YES;
				CLANG_WARN_INFINITE_RECURSION = YES;
				CLANG_WARN_INT_CONVERSION = YES;
				CLANG_WARN_NON_LITERAL_NULL_CONVERSION = YES;
				CLANG_WARN_OBJC_IMPLICIT_RETAIN_SELF = YES;
				CLANG_WARN_OBJC_LITERAL_CONVERSION = YES;
				CLANG_WARN_OBJC_ROOT_CLASS = YES_ERROR;
				CLANG_WARN_QUOTED_INCLUDE_IN_FRAMEWORK_HEADER = YES;
				CLANG_WARN_RANGE_LOOP_ANALYSIS = YES;
				CLANG_WARN_STRICT_PROTOTYPES = YES;
				CLANG_WARN_SUSPICIOUS_MOVE = YES;
				CLANG_WARN_UNGUARDED_AVAILABILITY = YES_AGGRESSIVE;
				CLANG_WARN_UNREACHABLE_CODE = YES;
				CLANG_WARN__DUPLICATE_METHOD_MATCH = YES;
				COPY_PHASE_STRIP = NO;
				DEBUG_INFORMATION_FORMAT = "dwarf-with-dsym";
				ENABLE_NS_ASSERTIONS = NO;
				ENABLE_STRICT_OBJC_MSGSEND = YES;
				GCC_C_LANGUAGE_STANDARD = gnu11;
				GCC_NO_COMMON_BLOCKS = YES;
				GCC_WARN_64_TO_32_BIT_CONVERSION = YES;
				GCC_WARN_ABOUT_RETURN_TYPE = YES_ERROR;
				GCC_WARN_UNDECLARED_SELECTOR = YES;
				GCC_WARN_UNINITIALIZED_AUTOS = YES_AGGRESSIVE;
				GCC_WARN_UNUSED_FUNCTION = YES;
				GCC_WARN_UNUSED_VARIABLE = YES;
				IPHONEOS_DEPLOYMENT_TARGET = 15.4;
				MTL_ENABLE_DEBUG_INFO = NO;
				MTL_FAST_MATH = YES;
				SDKROOT = iphoneos;
				SWIFT_COMPILATION_MODE = wholemodule;
				SWIFT_OPTIMIZATION_LEVEL = "-O";
				VALIDATE_PRODUCT = YES;
			};
			name = Release;
		};
		0117D5E728C7C31500122D5C /* Debug */ = {
			isa = XCBuildConfiguration;
			buildSettings = {
				ASSETCATALOG_COMPILER_APPICON_NAME = AppIcon;
				ASSETCATALOG_COMPILER_GLOBAL_ACCENT_COLOR_NAME = AccentColor;
				CODE_SIGN_STYLE = Automatic;
				CURRENT_PROJECT_VERSION = 1;
				DEVELOPMENT_ASSET_PATHS = "\"inzoGame/Preview Content\"";
				DEVELOPMENT_TEAM = D2T6AR24JC;
				ENABLE_PREVIEWS = YES;
				GENERATE_INFOPLIST_FILE = YES;
				INFOPLIST_FILE = inzoGame/Info.plist;
				INFOPLIST_KEY_UIApplicationSceneManifest_Generation = YES;
				INFOPLIST_KEY_UIApplicationSupportsIndirectInputEvents = YES;
				INFOPLIST_KEY_UILaunchScreen_Generation = YES;
				INFOPLIST_KEY_UISupportedInterfaceOrientations = UIInterfaceOrientationPortrait;
				INFOPLIST_KEY_UISupportedInterfaceOrientations_iPad = "\"\" UIInterfaceOrientationPortrait UIInterfaceOrientationPortraitUpsideDown UIInterfaceOrientationLandscapeLeft UIInterfaceOrientationLandscapeRight";
				INFOPLIST_KEY_UISupportedInterfaceOrientations_iPhone = "UIInterfaceOrientationPortrait UIInterfaceOrientationLandscapeLeft UIInterfaceOrientationLandscapeRight";
				LD_RUNPATH_SEARCH_PATHS = (
					"$(inherited)",
					"@executable_path/Frameworks",
				);
				MARKETING_VERSION = 1.0;
				PRODUCT_BUNDLE_IDENTIFIER = com.ynsgndz.inzoGame;
				PRODUCT_NAME = "$(TARGET_NAME)";
				SWIFT_EMIT_LOC_STRINGS = YES;
				SWIFT_VERSION = 5.0;
				TARGETED_DEVICE_FAMILY = 1;
			};
			name = Debug;
		};
		0117D5E828C7C31500122D5C /* Release */ = {
			isa = XCBuildConfiguration;
			buildSettings = {
				ASSETCATALOG_COMPILER_APPICON_NAME = AppIcon;
				ASSETCATALOG_COMPILER_GLOBAL_ACCENT_COLOR_NAME = AccentColor;
				CODE_SIGN_STYLE = Automatic;
				CURRENT_PROJECT_VERSION = 1;
				DEVELOPMENT_ASSET_PATHS = "\"inzoGame/Preview Content\"";
				DEVELOPMENT_TEAM = D2T6AR24JC;
				ENABLE_PREVIEWS = YES;
				GENERATE_INFOPLIST_FILE = YES;
				INFOPLIST_FILE = inzoGame/Info.plist;
				INFOPLIST_KEY_UIApplicationSceneManifest_Generation = YES;
				INFOPLIST_KEY_UIApplicationSupportsIndirectInputEvents = YES;
				INFOPLIST_KEY_UILaunchScreen_Generation = YES;
				INFOPLIST_KEY_UISupportedInterfaceOrientations = UIInterfaceOrientationPortrait;
				INFOPLIST_KEY_UISupportedInterfaceOrientations_iPad = "\"\" UIInterfaceOrientationPortrait UIInterfaceOrientationPortraitUpsideDown UIInterfaceOrientationLandscapeLeft UIInterfaceOrientationLandscapeRight";
				INFOPLIST_KEY_UISupportedInterfaceOrientations_iPhone = "UIInterfaceOrientationPortrait UIInterfaceOrientationLandscapeLeft UIInterfaceOrientationLandscapeRight";
				LD_RUNPATH_SEARCH_PATHS = (
					"$(inherited)",
					"@executable_path/Frameworks",
				);
				MARKETING_VERSION = 1.0;
				PRODUCT_BUNDLE_IDENTIFIER = com.ynsgndz.inzoGame;
				PRODUCT_NAME = "$(TARGET_NAME)";
				SWIFT_EMIT_LOC_STRINGS = YES;
				SWIFT_VERSION = 5.0;
				TARGETED_DEVICE_FAMILY = 1;
			};
			name = Release;
		};
/* End XCBuildConfiguration section */

/* Begin XCConfigurationList section */
		0117D5D328C7C31400122D5C /* Build configuration list for PBXProject "inzoGame" */ = {
			isa = XCConfigurationList;
			buildConfigurations = (
				0117D5E428C7C31500122D5C /* Debug */,
				0117D5E528C7C31500122D5C /* Release */,
			);
			defaultConfigurationIsVisible = 0;
			defaultConfigurationName = Release;
		};
		0117D5E628C7C31500122D5C /* Build configuration list for PBXNativeTarget "inzoGame" */ = {
			isa = XCConfigurationList;
			buildConfigurations = (
				0117D5E728C7C31500122D5C /* Debug */,
				0117D5E828C7C31500122D5C /* Release */,
			);
			defaultConfigurationIsVisible = 0;
			defaultConfigurationName = Release;
		};
/* End XCConfigurationList section */

/* Begin XCRemoteSwiftPackageReference section */
		0117D5F128C7D5BD00122D5C /* XCRemoteSwiftPackageReference "Alamofire" */ = {
			isa = XCRemoteSwiftPackageReference;
			repositoryURL = "https://github.com/Alamofire/Alamofire.git";
			requirement = {
				branch = master;
				kind = branch;
			};
		};
/* End XCRemoteSwiftPackageReference section */

/* Begin XCSwiftPackageProductDependency section */
		0117D5F228C7D5BD00122D5C /* Alamofire */ = {
			isa = XCSwiftPackageProductDependency;
			package = 0117D5F128C7D5BD00122D5C /* XCRemoteSwiftPackageReference "Alamofire" */;
			productName = Alamofire;
		};
/* End XCSwiftPackageProductDependency section */
	};
	rootObject = 0117D5D028C7C31400122D5C /* Project object */;
}
